PODS:
  - BlocksKit/DynamicDelegate (2.2.5)
  - cineio-peer-ios (0.0.9):
    - libjingle_peerconnection (~> 8515.2.0)
    - Primus
    - SocketRocket (~> 0.3.1-beta2)
  - Emitter (0.0.9):
    - BlocksKit/DynamicDelegate
  - GCDTimer (1.1.0)
  - libextobjc/EXTScope (0.4.1):
    - libextobjc/RuntimeExtensions
  - libextobjc/RuntimeExtensions (0.4.1)
  - libjingle_peerconnection (8515.2.0)
  - Primus (0.0.7):
    - Emitter
    - GCDTimer
    - libextobjc/EXTScope
    - Reachability
  - Reachability (3.2)
  - SocketRocket (0.3.1-beta2)

DEPENDENCIES:
  - cineio-peer-ios (= 0.0.9)

SPEC CHECKSUMS:
  BlocksKit: 7f422b971407001178d181a43b99014ea2591fe6
  cineio-peer-ios: 36b4f45bca248faaaa042a54b26cf1f0d45d5bb3
  Emitter: cf50bf44fc8817535018fbd6c4fd576b87803e78
  GCDTimer: 5837a5d70a464f86cbc9c56d75efc68f7e7c2fb8
  libextobjc: a650fc1bf489a3d3a9bc2e621efa3e1006fc5471
  libjingle_peerconnection: 08a5cdacb5cb340bce7c2edd9ff0b93fa6d8bb4b
  Primus: 72208c6434bbe96c7791b4218e34830cb1b2e058
  Reachability: 33e18b67625424e47b6cde6d202dce689ad7af96
  SocketRocket: 7284ab9370a06c99aba92b2fe3a32aedd0f9a6fa

COCOAPODS: 0.39.0
